
Microsoft Visual Studio Solution File, Format Version 12.00
# Visual Studio Version 17
VisualStudioVersion = 17.8.34330.188
MinimumVisualStudioVersion = 10.0.40219.1
Project("{FAE04EC0-301F-11D3-BF4B-00C04F79EFBC}") = "VehicleMaintenanceApp", "VehicleMaintenanceApp\VehicleMaintenanceApp.csproj", "{4E2B19D5-B346-4BD1-BB9F-83D277486069}"
EndProject
Global
	GlobalSection(SolutionConfigurationPlatforms) = preSolution
		Debug|Any CPU = Debug|Any CPU
		Release|Any CPU = Release|Any CPU
	EndGlobalSection
	GlobalSection(ProjectConfigurationPlatforms) = postSolution
		{4E2B19D5-B346-4BD1-BB9F-83D277486069}.Debug|Any CPU.ActiveCfg = Debug|Any CPU
		{4E2B19D5-B346-4BD1-BB9F-83D277486069}.Debug|Any CPU.Build.0 = Debug|Any CPU
		{4E2B19D5-B346-4BD1-BB9F-83D277486069}.Release|Any CPU.ActiveCfg = Release|Any CPU
		{4E2B19D5-B346-4BD1-BB9F-83D277486069}.Release|Any CPU.Build.0 = Release|Any CPU
	EndGlobalSection
	GlobalSection(SolutionProperties) = preSolution
		HideSolutionNode = FALSE
	EndGlobalSection
	GlobalSection(ExtensibilityGlobals) = postSolution
		SolutionGuid = {90936F0C-195E-4232-8705-70DFD6332768}
	EndGlobalSection
EndGlobal
